# Generated by pub
# See https://dart.dev/tools/pub/glossary#lockfile
packages:
  mime:
    dependency: "direct main"
    description:
      name: mime
      sha256: "801fd0b26f14a4a58ccb09d5892c3fbdeff209594300a542492cf13fba9d247a"
      url: "https://pub.dev"
    source: hosted
    version: "1.0.6"
sdks:
  dart: ">=3.2.0 <4.0.0"
